// !$*UTF8*$!
{
	archiveVersion = 1;
	classes = {
	};
	objectVersion = 56;
	objects = {

/* Begin PBXBuildFile section */
		94009F0D2CC09818000E73FB /* PlantDetailView.swift in Sources */ = {isa = PBXBuildFile; fileRef = 94009F0C2CC09818000E73FB /* PlantDetailView.swift */; };
		9459FA352CF12A330061946D /* PhotosPickerView.swift in Sources */ = {isa = PBXBuildFile; fileRef = 9459FA342CF12A330061946D /* PhotosPickerView.swift */; };
		9466DE132CBC64DF00088D2D /* learnPlantsApp.swift in Sources */ = {isa = PBXBuildFile; fileRef = 9466DE122CBC64DF00088D2D /* learnPlantsApp.swift */; };
		9466DE152CBC64DF00088D2D /* ContentView.swift in Sources */ = {isa = PBXBuildFile; fileRef = 9466DE142CBC64DF00088D2D /* ContentView.swift */; };
		9466DE172CBC64E100088D2D /* Assets.xcassets in Resources */ = {isa = PBXBuildFile; fileRef = 9466DE162CBC64E100088D2D /* Assets.xcassets */; };
		9466DE1A2CBC64E100088D2D /* Preview Assets.xcassets in Resources */ = {isa = PBXBuildFile; fileRef = 9466DE192CBC64E100088D2D /* Preview Assets.xcassets */; };
		9466DE212CBC69CD00088D2D /* PlantModel.swift in Sources */ = {isa = PBXBuildFile; fileRef = 9466DE202CBC69CD00088D2D /* PlantModel.swift */; };
		9466DE232CBC69F400088D2D /* PlantIdentifyService.swift in Sources */ = {isa = PBXBuildFile; fileRef = 9466DE222CBC69F400088D2D /* PlantIdentifyService.swift */; };
		9466DE252CBC7F3500088D2D /* PlantViewModel.swift in Sources */ = {isa = PBXBuildFile; fileRef = 9466DE242CBC7F3500088D2D /* PlantViewModel.swift */; };
		9466DE272CBDAB2400088D2D /* PlantCameraView.swift in Sources */ = {isa = PBXBuildFile; fileRef = 9466DE262CBDAB2400088D2D /* PlantCameraView.swift */; };
		946FE87E2CEEECA9004AE1C7 /* Lora-Italic-VariableFont_wght.ttf in Resources */ = {isa = PBXBuildFile; fileRef = 946FE8772CEEECA9004AE1C7 /* Lora-Italic-VariableFont_wght.ttf */; };
		946FE87F2CEEECA9004AE1C7 /* HindMadurai-Light.ttf in Resources */ = {isa = PBXBuildFile; fileRef = 946FE8782CEEECA9004AE1C7 /* HindMadurai-Light.ttf */; };
		946FE8802CEEECA9004AE1C7 /* HindMadurai-Regular.ttf in Resources */ = {isa = PBXBuildFile; fileRef = 946FE8792CEEECA9004AE1C7 /* HindMadurai-Regular.ttf */; };
		946FE8812CEEECA9004AE1C7 /* HindMadurai-Medium.ttf in Resources */ = {isa = PBXBuildFile; fileRef = 946FE87A2CEEECA9004AE1C7 /* HindMadurai-Medium.ttf */; };
		946FE8822CEEECA9004AE1C7 /* Lora-VariableFont_wght.ttf in Resources */ = {isa = PBXBuildFile; fileRef = 946FE87B2CEEECA9004AE1C7 /* Lora-VariableFont_wght.ttf */; };
		946FE8832CEEECA9004AE1C7 /* Montserrat-VariableFont_wght.ttf in Resources */ = {isa = PBXBuildFile; fileRef = 946FE87C2CEEECA9004AE1C7 /* Montserrat-VariableFont_wght.ttf */; };
		946FE8842CEEECA9004AE1C7 /* Montserrat-Italic-VariableFont_wght.ttf in Resources */ = {isa = PBXBuildFile; fileRef = 946FE87D2CEEECA9004AE1C7 /* Montserrat-Italic-VariableFont_wght.ttf */; };
		94E993052CEFE7BE00CDC571 /* CameraModel.swift in Sources */ = {isa = PBXBuildFile; fileRef = 94E993042CEFE7BE00CDC571 /* CameraModel.swift */; };
		94E993072CEFE7DA00CDC571 /* CameraPreview.swift in Sources */ = {isa = PBXBuildFile; fileRef = 94E993062CEFE7DA00CDC571 /* CameraPreview.swift */; };
		94E993092CF05CA900CDC571 /* ImagePicker.swift in Sources */ = {isa = PBXBuildFile; fileRef = 94E993082CF05CA900CDC571 /* ImagePicker.swift */; };
		94E9930B2CF05F1400CDC571 /* PhotoPreview.swift in Sources */ = {isa = PBXBuildFile; fileRef = 94E9930A2CF05F1400CDC571 /* PhotoPreview.swift */; };
/* End PBXBuildFile section */

/* Begin PBXFileReference section */
		94009F0C2CC09818000E73FB /* PlantDetailView.swift */ = {isa = PBXFileReference; lastKnownFileType = sourcecode.swift; path = PlantDetailView.swift; sourceTree = "<group>"; };
		9459FA342CF12A330061946D /* PhotosPickerView.swift */ = {isa = PBXFileReference; lastKnownFileType = sourcecode.swift; path = PhotosPickerView.swift; sourceTree = "<group>"; };
		9466DE0F2CBC64DF00088D2D /* learnPlants.app */ = {isa = PBXFileReference; explicitFileType = wrapper.application; includeInIndex = 0; path = learnPlants.app; sourceTree = BUILT_PRODUCTS_DIR; };
		9466DE122CBC64DF00088D2D /* learnPlantsApp.swift */ = {isa = PBXFileReference; lastKnownFileType = sourcecode.swift; path = learnPlantsApp.swift; sourceTree = "<group>"; };
		9466DE142CBC64DF00088D2D /* ContentView.swift */ = {isa = PBXFileReference; lastKnownFileType = sourcecode.swift; path = ContentView.swift; sourceTree = "<group>"; };
		9466DE162CBC64E100088D2D /* Assets.xcassets */ = {isa = PBXFileReference; lastKnownFileType = folder.assetcatalog; path = Assets.xcassets; sourceTree = "<group>"; };
		9466DE192CBC64E100088D2D /* Preview Assets.xcassets */ = {isa = PBXFileReference; lastKnownFileType = folder.assetcatalog; path = "Preview Assets.xcassets"; sourceTree = "<group>"; };
		9466DE202CBC69CD00088D2D /* PlantModel.swift */ = {isa = PBXFileReference; lastKnownFileType = sourcecode.swift; path = PlantModel.swift; sourceTree = "<group>"; };
		9466DE222CBC69F400088D2D /* PlantIdentifyService.swift */ = {isa = PBXFileReference; lastKnownFileType = sourcecode.swift; path = PlantIdentifyService.swift; sourceTree = "<group>"; };
		9466DE242CBC7F3500088D2D /* PlantViewModel.swift */ = {isa = PBXFileReference; lastKnownFileType = sourcecode.swift; path = PlantViewModel.swift; sourceTree = "<group>"; };
		9466DE262CBDAB2400088D2D /* PlantCameraView.swift */ = {isa = PBXFileReference; lastKnownFileType = sourcecode.swift; path = PlantCameraView.swift; sourceTree = "<group>"; };
		946FE8772CEEECA9004AE1C7 /* Lora-Italic-VariableFont_wght.ttf */ = {isa = PBXFileReference; lastKnownFileType = file; path = "Lora-Italic-VariableFont_wght.ttf"; sourceTree = "<group>"; };
		946FE8782CEEECA9004AE1C7 /* HindMadurai-Light.ttf */ = {isa = PBXFileReference; lastKnownFileType = file; path = "HindMadurai-Light.ttf"; sourceTree = "<group>"; };
		946FE8792CEEECA9004AE1C7 /* HindMadurai-Regular.ttf */ = {isa = PBXFileReference; lastKnownFileType = file; path = "HindMadurai-Regular.ttf"; sourceTree = "<group>"; };
		946FE87A2CEEECA9004AE1C7 /* HindMadurai-Medium.ttf */ = {isa = PBXFileReference; lastKnownFileType = file; path = "HindMadurai-Medium.ttf"; sourceTree = "<group>"; };
		946FE87B2CEEECA9004AE1C7 /* Lora-VariableFont_wght.ttf */ = {isa = PBXFileReference; lastKnownFileType = file; path = "Lora-VariableFont_wght.ttf"; sourceTree = "<group>"; };
		946FE87C2CEEECA9004AE1C7 /* Montserrat-VariableFont_wght.ttf */ = {isa = PBXFileReference; lastKnownFileType = file; path = "Montserrat-VariableFont_wght.ttf"; sourceTree = "<group>"; };
		946FE87D2CEEECA9004AE1C7 /* Montserrat-Italic-VariableFont_wght.ttf */ = {isa = PBXFileReference; lastKnownFileType = file; path = "Montserrat-Italic-VariableFont_wght.ttf"; sourceTree = "<group>"; };
		946FE8852CEEED06004AE1C7 /* Info.plist */ = {isa = PBXFileReference; lastKnownFileType = text.plist; path = Info.plist; sourceTree = "<group>"; };
		94E993042CEFE7BE00CDC571 /* CameraModel.swift */ = {isa = PBXFileReference; lastKnownFileType = sourcecode.swift; path = CameraModel.swift; sourceTree = "<group>"; };
		94E993062CEFE7DA00CDC571 /* CameraPreview.swift */ = {isa = PBXFileReference; lastKnownFileType = sourcecode.swift; path = CameraPreview.swift; sourceTree = "<group>"; };
		94E993082CF05CA900CDC571 /* ImagePicker.swift */ = {isa = PBXFileReference; lastKnownFileType = sourcecode.swift; path = ImagePicker.swift; sourceTree = "<group>"; };
		94E9930A2CF05F1400CDC571 /* PhotoPreview.swift */ = {isa = PBXFileReference; lastKnownFileType = sourcecode.swift; path = PhotoPreview.swift; sourceTree = "<group>"; };
/* End PBXFileReference section */

/* Begin PBXFrameworksBuildPhase section */
		9466DE0C2CBC64DF00088D2D /* Frameworks */ = {
			isa = PBXFrameworksBuildPhase;
			buildActionMask = 2147483647;
			files = (
			);
			runOnlyForDeploymentPostprocessing = 0;
		};
/* End PBXFrameworksBuildPhase section */

/* Begin PBXGroup section */
		9466DE062CBC64DF00088D2D = {
			isa = PBXGroup;
			children = (
				9466DE112CBC64DF00088D2D /* learnPlants */,
				9466DE102CBC64DF00088D2D /* Products */,
			);
			sourceTree = "<group>";
		};
		9466DE102CBC64DF00088D2D /* Products */ = {
			isa = PBXGroup;
			children = (
				9466DE0F2CBC64DF00088D2D /* learnPlants.app */,
			);
			name = Products;
			sourceTree = "<group>";
		};
		9466DE112CBC64DF00088D2D /* learnPlants */ = {
			isa = PBXGroup;
			children = (
				946FE8852CEEED06004AE1C7 /* Info.plist */,
				946FE8762CEEEC8A004AE1C7 /* Fonts */,
				9466DE122CBC64DF00088D2D /* learnPlantsApp.swift */,
				9466DE142CBC64DF00088D2D /* ContentView.swift */,
				9466DE162CBC64E100088D2D /* Assets.xcassets */,
				9466DE182CBC64E100088D2D /* Preview Content */,
				9466DE202CBC69CD00088D2D /* PlantModel.swift */,
				9466DE222CBC69F400088D2D /* PlantIdentifyService.swift */,
				9466DE242CBC7F3500088D2D /* PlantViewModel.swift */,
				9466DE262CBDAB2400088D2D /* PlantCameraView.swift */,
				94009F0C2CC09818000E73FB /* PlantDetailView.swift */,
				94E993042CEFE7BE00CDC571 /* CameraModel.swift */,
				94E993062CEFE7DA00CDC571 /* CameraPreview.swift */,
				94E993082CF05CA900CDC571 /* ImagePicker.swift */,
				94E9930A2CF05F1400CDC571 /* PhotoPreview.swift */,
				9459FA342CF12A330061946D /* PhotosPickerView.swift */,
			);
			path = learnPlants;
			sourceTree = "<group>";
		};
		9466DE182CBC64E100088D2D /* Preview Content */ = {
			isa = PBXGroup;
			children = (
				9466DE192CBC64E100088D2D /* Preview Assets.xcassets */,
			);
			path = "Preview Content";
			sourceTree = "<group>";
		};
		946FE8762CEEEC8A004AE1C7 /* Fonts */ = {
			isa = PBXGroup;
			children = (
				946FE8782CEEECA9004AE1C7 /* HindMadurai-Light.ttf */,
				946FE87A2CEEECA9004AE1C7 /* HindMadurai-Medium.ttf */,
				946FE8792CEEECA9004AE1C7 /* HindMadurai-Regular.ttf */,
				946FE8772CEEECA9004AE1C7 /* Lora-Italic-VariableFont_wght.ttf */,
				946FE87B2CEEECA9004AE1C7 /* Lora-VariableFont_wght.ttf */,
				946FE87D2CEEECA9004AE1C7 /* Montserrat-Italic-VariableFont_wght.ttf */,
				946FE87C2CEEECA9004AE1C7 /* Montserrat-VariableFont_wght.ttf */,
			);
			path = Fonts;
			sourceTree = "<group>";
		};
/* End PBXGroup section */

/* Begin PBXNativeTarget section */
		9466DE0E2CBC64DF00088D2D /* learnPlants */ = {
			isa = PBXNativeTarget;
			buildConfigurationList = 9466DE1D2CBC64E100088D2D /* Build configuration list for PBXNativeTarget "learnPlants" */;
			buildPhases = (
				9466DE0B2CBC64DF00088D2D /* Sources */,
				9466DE0C2CBC64DF00088D2D /* Frameworks */,
				9466DE0D2CBC64DF00088D2D /* Resources */,
			);
			buildRules = (
			);
			dependencies = (
			);
			name = learnPlants;
			productName = learnPlants;
			productReference = 9466DE0F2CBC64DF00088D2D /* learnPlants.app */;
			productType = "com.apple.product-type.application";
		};
/* End PBXNativeTarget section */

/* Begin PBXProject section */
		9466DE072CBC64DF00088D2D /* Project object */ = {
			isa = PBXProject;
			attributes = {
				BuildIndependentTargetsInParallel = 1;
				LastSwiftUpdateCheck = 1540;
				LastUpgradeCheck = 1540;
				TargetAttributes = {
					9466DE0E2CBC64DF00088D2D = {
						CreatedOnToolsVersion = 15.4;
					};
				};
			};
			buildConfigurationList = 9466DE0A2CBC64DF00088D2D /* Build configuration list for PBXProject "learnPlants" */;
			compatibilityVersion = "Xcode 14.0";
			developmentRegion = en;
			hasScannedForEncodings = 0;
			knownRegions = (
				en,
				Base,
			);
			mainGroup = 9466DE062CBC64DF00088D2D;
			productRefGroup = 9466DE102CBC64DF00088D2D /* Products */;
			projectDirPath = "";
			projectRoot = "";
			targets = (
				9466DE0E2CBC64DF00088D2D /* learnPlants */,
			);
		};
/* End PBXProject section */

/* Begin PBXResourcesBuildPhase section */
		9466DE0D2CBC64DF00088D2D /* Resources */ = {
			isa = PBXResourcesBuildPhase;
			buildActionMask = 2147483647;
			files = (
				946FE87F2CEEECA9004AE1C7 /* HindMadurai-Light.ttf in Resources */,
				9466DE1A2CBC64E100088D2D /* Preview Assets.xcassets in Resources */,
				946FE8822CEEECA9004AE1C7 /* Lora-VariableFont_wght.ttf in Resources */,
				946FE8802CEEECA9004AE1C7 /* HindMadurai-Regular.ttf in Resources */,
				946FE8842CEEECA9004AE1C7 /* Montserrat-Italic-VariableFont_wght.ttf in Resources */,
				946FE8832CEEECA9004AE1C7 /* Montserrat-VariableFont_wght.ttf in Resources */,
				946FE87E2CEEECA9004AE1C7 /* Lora-Italic-VariableFont_wght.ttf in Resources */,
				946FE8812CEEECA9004AE1C7 /* HindMadurai-Medium.ttf in Resources */,
				9466DE172CBC64E100088D2D /* Assets.xcassets in Resources */,
			);
			runOnlyForDeploymentPostprocessing = 0;
		};
/* End PBXResourcesBuildPhase section */

/* Begin PBXSourcesBuildPhase section */
		9466DE0B2CBC64DF00088D2D /* Sources */ = {
			isa = PBXSourcesBuildPhase;
			buildActionMask = 2147483647;
			files = (
				9466DE152CBC64DF00088D2D /* ContentView.swift in Sources */,
				9466DE232CBC69F400088D2D /* PlantIdentifyService.swift in Sources */,
				9466DE212CBC69CD00088D2D /* PlantModel.swift in Sources */,
				94E9930B2CF05F1400CDC571 /* PhotoPreview.swift in Sources */,
				94E993072CEFE7DA00CDC571 /* CameraPreview.swift in Sources */,
				9466DE272CBDAB2400088D2D /* PlantCameraView.swift in Sources */,
				9466DE252CBC7F3500088D2D /* PlantViewModel.swift in Sources */,
				94009F0D2CC09818000E73FB /* PlantDetailView.swift in Sources */,
				94E993052CEFE7BE00CDC571 /* CameraModel.swift in Sources */,
				94E993092CF05CA900CDC571 /* ImagePicker.swift in Sources */,
				9466DE132CBC64DF00088D2D /* learnPlantsApp.swift in Sources */,
				9459FA352CF12A330061946D /* PhotosPickerView.swift in Sources */,
			);
			runOnlyForDeploymentPostprocessing = 0;
		};
/* End PBXSourcesBuildPhase section */

/* Begin XCBuildConfiguration section */
		9466DE1B2CBC64E100088D2D /* Debug */ = {
			isa = XCBuildConfiguration;
			buildSettings = {
				ALWAYS_SEARCH_USER_PATHS = NO;
				ASSETCATALOG_COMPILER_GENERATE_SWIFT_ASSET_SYMBOL_EXTENSIONS = YES;
				CLANG_ANALYZER_NONNULL = YES;
				CLANG_ANALYZER_NUMBER_OBJECT_CONVERSION = YES_AGGRESSIVE;
				CLANG_CXX_LANGUAGE_STANDARD = "gnu++20";
				CLANG_ENABLE_MODULES = YES;
				CLANG_ENABLE_OBJC_ARC = YES;
				CLANG_ENABLE_OBJC_WEAK = YES;
				CLANG_WARN_BLOCK_CAPTURE_AUTORELEASING = YES;
				CLANG_WARN_BOOL_CONVERSION = YES;
				CLANG_WARN_COMMA = YES;
				CLANG_WARN_CONSTANT_CONVERSION = YES;
				CLANG_WARN_DEPRECATED_OBJC_IMPLEMENTATIONS = YES;
				CLANG_WARN_DIRECT_OBJC_ISA_USAGE = YES_ERROR;
				CLANG_WARN_DOCUMENTATION_COMMENTS = YES;
				CLANG_WARN_EMPTY_BODY = YES;
				CLANG_WARN_ENUM_CONVERSION = YES;
				CLANG_WARN_INFINITE_RECURSION = YES;
				CLANG_WARN_INT_CONVERSION = YES;
				CLANG_WARN_NON_LITERAL_NULL_CONVERSION = YES;
				CLANG_WARN_OBJC_IMPLICIT_RETAIN_SELF = YES;
				CLANG_WARN_OBJC_LITERAL_CONVERSION = YES;
				CLANG_WARN_OBJC_ROOT_CLASS = YES_ERROR;
				CLANG_WARN_QUOTED_INCLUDE_IN_FRAMEWORK_HEADER = YES;
				CLANG_WARN_RANGE_LOOP_ANALYSIS = YES;
				CLANG_WARN_STRICT_PROTOTYPES = YES;
				CLANG_WARN_SUSPICIOUS_MOVE = YES;
				CLANG_WARN_UNGUARDED_AVAILABILITY = YES_AGGRESSIVE;
				CLANG_WARN_UNREACHABLE_CODE = YES;
				CLANG_WARN__DUPLICATE_METHOD_MATCH = YES;
				COPY_PHASE_STRIP = NO;
				DEBUG_INFORMATION_FORMAT = dwarf;
				ENABLE_STRICT_OBJC_MSGSEND = YES;
				ENABLE_TESTABILITY = YES;
				ENABLE_USER_SCRIPT_SANDBOXING = YES;
				GCC_C_LANGUAGE_STANDARD = gnu17;
				GCC_DYNAMIC_NO_PIC = NO;
				GCC_NO_COMMON_BLOCKS = YES;
				GCC_OPTIMIZATION_LEVEL = 0;
				GCC_PREPROCESSOR_DEFINITIONS = (
					"DEBUG=1",
					"$(inherited)",
				);
				GCC_WARN_64_TO_32_BIT_CONVERSION = YES;
				GCC_WARN_ABOUT_RETURN_TYPE = YES_ERROR;
				GCC_WARN_UNDECLARED_SELECTOR = YES;
				GCC_WARN_UNINITIALIZED_AUTOS = YES_AGGRESSIVE;
				GCC_WARN_UNUSED_FUNCTION = YES;
				GCC_WARN_UNUSED_VARIABLE = YES;
				IPHONEOS_DEPLOYMENT_TARGET = 17.5;
				LOCALIZATION_PREFERS_STRING_CATALOGS = YES;
				MTL_ENABLE_DEBUG_INFO = INCLUDE_SOURCE;
				MTL_FAST_MATH = YES;
				ONLY_ACTIVE_ARCH = YES;
				SDKROOT = iphoneos;
				SWIFT_ACTIVE_COMPILATION_CONDITIONS = "DEBUG $(inherited)";
				SWIFT_OPTIMIZATION_LEVEL = "-Onone";
			};
			name = Debug;
		};
		9466DE1C2CBC64E100088D2D /* Release */ = {
			isa = XCBuildConfiguration;
			buildSettings = {
				ALWAYS_SEARCH_USER_PATHS = NO;
				ASSETCATALOG_COMPILER_GENERATE_SWIFT_ASSET_SYMBOL_EXTENSIONS = YES;
				CLANG_ANALYZER_NONNULL = YES;
				CLANG_ANALYZER_NUMBER_OBJECT_CONVERSION = YES_AGGRESSIVE;
				CLANG_CXX_LANGUAGE_STANDARD = "gnu++20";
				CLANG_ENABLE_MODULES = YES;
				CLANG_ENABLE_OBJC_ARC = YES;
				CLANG_ENABLE_OBJC_WEAK = YES;
				CLANG_WARN_BLOCK_CAPTURE_AUTORELEASING = YES;
				CLANG_WARN_BOOL_CONVERSION = YES;
				CLANG_WARN_COMMA = YES;
				CLANG_WARN_CONSTANT_CONVERSION = YES;
				CLANG_WARN_DEPRECATED_OBJC_IMPLEMENTATIONS = YES;
				CLANG_WARN_DIRECT_OBJC_ISA_USAGE = YES_ERROR;
				CLANG_WARN_DOCUMENTATION_COMMENTS = YES;
				CLANG_WARN_EMPTY_BODY = YES;
				CLANG_WARN_ENUM_CONVERSION = YES;
				CLANG_WARN_INFINITE_RECURSION = YES;
				CLANG_WARN_INT_CONVERSION = YES;
				CLANG_WARN_NON_LITERAL_NULL_CONVERSION = YES;
				CLANG_WARN_OBJC_IMPLICIT_RETAIN_SELF = YES;
				CLANG_WARN_OBJC_LITERAL_CONVERSION = YES;
				CLANG_WARN_OBJC_ROOT_CLASS = YES_ERROR;
				CLANG_WARN_QUOTED_INCLUDE_IN_FRAMEWORK_HEADER = YES;
				CLANG_WARN_RANGE_LOOP_ANALYSIS = YES;
				CLANG_WARN_STRICT_PROTOTYPES = YES;
				CLANG_WARN_SUSPICIOUS_MOVE = YES;
				CLANG_WARN_UNGUARDED_AVAILABILITY = YES_AGGRESSIVE;
				CLANG_WARN_UNREACHABLE_CODE = YES;
				CLANG_WARN__DUPLICATE_METHOD_MATCH = YES;
				COPY_PHASE_STRIP = NO;
				DEBUG_INFORMATION_FORMAT = "dwarf-with-dsym";
				ENABLE_NS_ASSERTIONS = NO;
				ENABLE_STRICT_OBJC_MSGSEND = YES;
				ENABLE_USER_SCRIPT_SANDBOXING = YES;
				GCC_C_LANGUAGE_STANDARD = gnu17;
				GCC_NO_COMMON_BLOCKS = YES;
				GCC_WARN_64_TO_32_BIT_CONVERSION = YES;
				GCC_WARN_ABOUT_RETURN_TYPE = YES_ERROR;
				GCC_WARN_UNDECLARED_SELECTOR = YES;
				GCC_WARN_UNINITIALIZED_AUTOS = YES_AGGRESSIVE;
				GCC_WARN_UNUSED_FUNCTION = YES;
				GCC_WARN_UNUSED_VARIABLE = YES;
				IPHONEOS_DEPLOYMENT_TARGET = 17.5;
				LOCALIZATION_PREFERS_STRING_CATALOGS = YES;
				MTL_ENABLE_DEBUG_INFO = NO;
				MTL_FAST_MATH = YES;
				SDKROOT = iphoneos;
				SWIFT_COMPILATION_MODE = wholemodule;
				VALIDATE_PRODUCT = YES;
			};
			name = Release;
		};
		9466DE1E2CBC64E100088D2D /* Debug */ = {
			isa = XCBuildConfiguration;
			buildSettings = {
				ASSETCATALOG_COMPILER_APPICON_NAME = AppIcon;
				ASSETCATALOG_COMPILER_GLOBAL_ACCENT_COLOR_NAME = AccentColor;
				CODE_SIGN_STYLE = Automatic;
				CURRENT_PROJECT_VERSION = 1;
				DEVELOPMENT_ASSET_PATHS = "\"learnPlants/Preview Content\"";
				DEVELOPMENT_TEAM = 792PYP9LG7;
				ENABLE_PREVIEWS = YES;
				GENERATE_INFOPLIST_FILE = YES;
				INFOPLIST_FILE = learnPlants/Info.plist;
				INFOPLIST_KEY_NSCameraUsageDescription = testing;
				INFOPLIST_KEY_NSPhotoLibraryAddUsageDescription = testing;
				INFOPLIST_KEY_NSPhotoLibraryUsageDescription = testing;
				INFOPLIST_KEY_UIApplicationSceneManifest_Generation = YES;
				INFOPLIST_KEY_UIApplicationSupportsIndirectInputEvents = YES;
				INFOPLIST_KEY_UILaunchScreen_Generation = YES;
				INFOPLIST_KEY_UISupportedInterfaceOrientations_iPad = "UIInterfaceOrientationPortrait UIInterfaceOrientationPortraitUpsideDown UIInterfaceOrientationLandscapeLeft UIInterfaceOrientationLandscapeRight";
				INFOPLIST_KEY_UISupportedInterfaceOrientations_iPhone = "UIInterfaceOrientationPortrait UIInterfaceOrientationLandscapeLeft UIInterfaceOrientationLandscapeRight";
				LD_RUNPATH_SEARCH_PATHS = (
					"$(inherited)",
					"@executable_path/Frameworks",
				);
				MARKETING_VERSION = 1.0;
				PRODUCT_BUNDLE_IDENTIFIER = com.danishkhalid.learnPlants;
				PRODUCT_NAME = "$(TARGET_NAME)";
				SWIFT_EMIT_LOC_STRINGS = YES;
				SWIFT_VERSION = 5.0;
				TARGETED_DEVICE_FAMILY = 1;
			};
			name = Debug;
		};
		9466DE1F2CBC64E100088D2D /* Release */ = {
			isa = XCBuildConfiguration;
			buildSettings = {
				ASSETCATALOG_COMPILER_APPICON_NAME = AppIcon;
				ASSETCATALOG_COMPILER_GLOBAL_ACCENT_COLOR_NAME = AccentColor;
				CODE_SIGN_STYLE = Automatic;
				CURRENT_PROJECT_VERSION = 1;
				DEVELOPMENT_ASSET_PATHS = "\"learnPlants/Preview Content\"";
				DEVELOPMENT_TEAM = 792PYP9LG7;
				ENABLE_PREVIEWS = YES;
				GENERATE_INFOPLIST_FILE = YES;
				INFOPLIST_FILE = learnPlants/Info.plist;
				INFOPLIST_KEY_NSCameraUsageDescription = testing;
				INFOPLIST_KEY_NSPhotoLibraryAddUsageDescription = testing;
				INFOPLIST_KEY_NSPhotoLibraryUsageDescription = testing;
				INFOPLIST_KEY_UIApplicationSceneManifest_Generation = YES;
				INFOPLIST_KEY_UIApplicationSupportsIndirectInputEvents = YES;
				INFOPLIST_KEY_UILaunchScreen_Generation = YES;
				INFOPLIST_KEY_UISupportedInterfaceOrientations_iPad = "UIInterfaceOrientationPortrait UIInterfaceOrientationPortraitUpsideDown UIInterfaceOrientationLandscapeLeft UIInterfaceOrientationLandscapeRight";
				INFOPLIST_KEY_UISupportedInterfaceOrientations_iPhone = "UIInterfaceOrientationPortrait UIInterfaceOrientationLandscapeLeft UIInterfaceOrientationLandscapeRight";
				LD_RUNPATH_SEARCH_PATHS = (
					"$(inherited)",
					"@executable_path/Frameworks",
				);
				MARKETING_VERSION = 1.0;
				PRODUCT_BUNDLE_IDENTIFIER = com.danishkhalid.learnPlants;
				PRODUCT_NAME = "$(TARGET_NAME)";
				SWIFT_EMIT_LOC_STRINGS = YES;
				SWIFT_VERSION = 5.0;
				TARGETED_DEVICE_FAMILY = 1;
			};
			name = Release;
		};
/* End XCBuildConfiguration section */

/* Begin XCConfigurationList section */
		9466DE0A2CBC64DF00088D2D /* Build configuration list for PBXProject "learnPlants" */ = {
			isa = XCConfigurationList;
			buildConfigurations = (
				9466DE1B2CBC64E100088D2D /* Debug */,
				9466DE1C2CBC64E100088D2D /* Release */,
			);
			defaultConfigurationIsVisible = 0;
			defaultConfigurationName = Release;
		};
		9466DE1D2CBC64E100088D2D /* Build configuration list for PBXNativeTarget "learnPlants" */ = {
			isa = XCConfigurationList;
			buildConfigurations = (
				9466DE1E2CBC64E100088D2D /* Debug */,
				9466DE1F2CBC64E100088D2D /* Release */,
			);
			defaultConfigurationIsVisible = 0;
			defaultConfigurationName = Release;
		};
/* End XCConfigurationList section */
	};
	rootObject = 9466DE072CBC64DF00088D2D /* Project object */;
}
